
Microsoft Visual Studio Solution File, Format Version 12.00
# Visual Studio 2012
Project("{888888A0-9F3D-457C-B088-3A5042F75D52}") = "Flickr-geo-data", "Flickr-geo-data\Flickr-geo-data.pyproj", "{39675DD9-7E55-440A-997F-7207F05F6B46}"
EndProject
Global
	GlobalSection(SolutionConfigurationPlatforms) = preSolution
		Debug|Any CPU = Debug|Any CPU
		Release|Any CPU = Release|Any CPU
	EndGlobalSection
	GlobalSection(ProjectConfigurationPlatforms) = postSolution
		{39675DD9-7E55-440A-997F-7207F05F6B46}.Debug|Any CPU.ActiveCfg = Debug|Any CPU
		{39675DD9-7E55-440A-997F-7207F05F6B46}.Debug|Any CPU.Build.0 = Debug|Any CPU
		{39675DD9-7E55-440A-997F-7207F05F6B46}.Release|Any CPU.ActiveCfg = Release|Any CPU
		{39675DD9-7E55-440A-997F-7207F05F6B46}.Release|Any CPU.Build.0 = Release|Any CPU
	EndGlobalSection
	GlobalSection(SolutionProperties) = preSolution
		HideSolutionNode = FALSE
	EndGlobalSection
EndGlobal
